<?xml version="1.0" encoding="utf-8"?>
<Project ToolsVersion="4.0" xmlns="http://schemas.microsoft.com/developer/msbuild/2003">
  <ItemGroup>
    <Filter Include="Source Files">
      <UniqueIdentifier>{4FC737F1-C7A5-4376-A066-2A32D752A2FF}</UniqueIdentifier>
      <Extensions>cpp;c;cc;cxx;c++;def;odl;idl;hpj;bat;asm;asmx</Extensions>
    </Filter>
    <Filter Include="Header Files">
      <UniqueIdentifier>{93995380-89BD-4b04-88EB-625FBE52EBFB}</UniqueIdentifier>
      <Extensions>h;hh;hpp;hxx;h++;hm;inl;inc;ipp;xsd</Extensions>
    </Filter>
    <Filter Include="Resource Files">
      <UniqueIdentifier>{67DA6AB6-F800-4c08-8B7A-83BB121AAD01}</UniqueIdentifier>
      <Extensions>rc;ico;cur;bmp;dlg;rc2;rct;bin;rgs;gif;jpg;jpeg;jpe;resx;tiff;tif;png;wav;mfcribbon-ms</Extensions>
    </Filter>
    <Filter Include="Header Files\util">
      <UniqueIdentifier>{aa812e3f-1441-40f6-8384-a27e30cf0c0f}</UniqueIdentifier>
    </Filter>
    <Filter Include="Source Files\util">
      <UniqueIdentifier>{48c61545-e654-41bb-924d-e37f9c9f0557}</UniqueIdentifier>
    </Filter>
    <Filter Include="Header Files\Particle FX">
      <UniqueIdentifier>{4c908ee8-927e-4c5b-b1b1-0fc23fa61ea0}</UniqueIdentifier>
    </Filter>
    <Filter Include="Source Files\Particle FX">
      <UniqueIdentifier>{ad80b771-9839-46bb-9217-9ed3bd427e12}</UniqueIdentifier>
    </Filter>
    <Filter Include="Header Files\EmitterShape">
      <UniqueIdentifier>{00e5202f-09c8-4bcf-8714-92ad1cbef699}</UniqueIdentifier>
    </Filter>
    <Filter Include="Source Files\EmitterShape">
      <UniqueIdentifier>{374f3df0-b07a-4082-bd55-ae01d8b22256}</UniqueIdentifier>
    </Filter>
  </ItemGroup>
  <ItemGroup>
    <ClCompile Include="main.cpp">
      <Filter>Source Files</Filter>
    </ClCompile>
    <ClCompile Include="util\matrix.cpp">
      <Filter>Source Files\util</Filter>
    </ClCompile>
    <ClCompile Include="util\Vector2.cpp">
      <Filter>Source Files\util</Filter>
    </ClCompile>
    <ClCompile Include="util\Color.cpp">
      <Filter>Source Files\util</Filter>
    </ClCompile>
    <ClCompile Include="Sprite.cpp">
      <Filter>Source Files</Filter>
    </ClCompile>
    <ClCompile Include="Application.cpp">
      <Filter>Source Files</Filter>
    </ClCompile>
    <ClCompile Include="GameObject.cpp">
      <Filter>Source Files</Filter>
    </ClCompile>
    <ClCompile Include="ParticleObject.cpp">
      <Filter>Source Files</Filter>
    </ClCompile>
    <ClCompile Include="ParticleSystem.cpp">
      <Filter>Source Files</Filter>
    </ClCompile>
    <ClCompile Include="ParticleAffectorColor.cpp">
      <Filter>Source Files\Particle FX</Filter>
    </ClCompile>
    <ClCompile Include="ParticleAffectorRotate.cpp">
      <Filter>Source Files\Particle FX</Filter>
    </ClCompile>
    <ClCompile Include="ParticleAffectorGravity.cpp">
      <Filter>Source Files\Particle FX</Filter>
    </ClCompile>
    <ClCompile Include="ParticleAffectorScale.cpp">
      <Filter>Source Files\Particle FX</Filter>
    </ClCompile>
    <ClCompile Include="CircleEmitterShape.cpp">
      <Filter>Source Files\EmitterShape</Filter>
    </ClCompile>
    <ClCompile Include="SquareEmitterShape.cpp">
      <Filter>Source Files\EmitterShape</Filter>
    </ClCompile>
    <ClCompile Include="RingEmitterShape.cpp">
      <Filter>Source Files\EmitterShape</Filter>
    </ClCompile>
  </ItemGroup>
  <ItemGroup>
    <ClInclude Include="util\bitmap.h">
      <Filter>Header Files\util</Filter>
    </ClInclude>
    <ClInclude Include="util\matrix.h">
      <Filter>Header Files\util</Filter>
    </ClInclude>
    <ClInclude Include="util\vector.h">
      <Filter>Header Files\util</Filter>
    </ClInclude>
    <ClInclude Include="util\Vector2.h">
      <Filter>Header Files\util</Filter>
    </ClInclude>
    <ClInclude Include="Sprite.h">
      <Filter>Header Files</Filter>
    </ClInclude>
    <ClInclude Include="util\Color.h">
      <Filter>Header Files\util</Filter>
    </ClInclude>
    <ClInclude Include="Application.h">
      <Filter>Header Files</Filter>
    </ClInclude>
    <ClInclude Include="GameObject.h">
      <Filter>Header Files</Filter>
    </ClInclude>
    <ClInclude Include="ParticleObject.h">
      <Filter>Header Files</Filter>
    </ClInclude>
    <ClInclude Include="ParticleSystem.h">
      <Filter>Header Files</Filter>
    </ClInclude>
    <ClInclude Include="ScreenRes.h">
      <Filter>Header Files\util</Filter>
    </ClInclude>
    <ClInclude Include="ParticleAffector.h">
      <Filter>Header Files\Particle FX</Filter>
    </ClInclude>
    <ClInclude Include="ParticleAffectorColor.h">
      <Filter>Header Files\Particle FX</Filter>
    </ClInclude>
    <ClInclude Include="ParticleAffectorGravity.h">
      <Filter>Header Files\Particle FX</Filter>
    </ClInclude>
    <ClInclude Include="ParticleAffectorRotate.h">
      <Filter>Header Files\Particle FX</Filter>
    </ClInclude>
    <ClInclude Include="ParticleAffectorScale.h">
      <Filter>Header Files\Particle FX</Filter>
    </ClInclude>
    <ClInclude Include="EmitterShape.h">
      <Filter>Header Files\EmitterShape</Filter>
    </ClInclude>
    <ClInclude Include="CircleEmitterShape.h">
      <Filter>Header Files\EmitterShape</Filter>
    </ClInclude>
    <ClInclude Include="SquareEmitterShape.h">
      <Filter>Header Files\EmitterShape</Filter>
    </ClInclude>
    <ClInclude Include="RingEmitterShape.h">
      <Filter>Header Files\EmitterShape</Filter>
    </ClInclude>
  </ItemGroup>
</Project>